
Microsoft Visual Studio Solution File, Format Version 12.00
# Visual Studio Version 16
VisualStudioVersion = 16.0.31313.79
MinimumVisualStudioVersion = 10.0.40219.1
Project("{9A19103F-16F7-4668-BE54-9A1E7A4F7556}") = "StringGenerator", "StringGenerator\StringGenerator.csproj", "{8850BB42-2F2D-4D7C-AE51-E8ACDD3C2408}"
EndProject
Project("{9A19103F-16F7-4668-BE54-9A1E7A4F7556}") = "StringGenerator.Client", "StringGenerator.Client\StringGenerator.Client.csproj", "{836C3A05-5D10-41EE-B653-5E53497330ED}"
EndProject
Project("{9A19103F-16F7-4668-BE54-9A1E7A4F7556}") = "_build", "..\build\_build.csproj", "{282B2128-9DE3-4E78-BCF3-0120BF19F84B}"
EndProject
Global
	GlobalSection(SolutionConfigurationPlatforms) = preSolution
		Debug|Any CPU = Debug|Any CPU
		Release|Any CPU = Release|Any CPU
	EndGlobalSection
	GlobalSection(ProjectConfigurationPlatforms) = postSolution
		{282B2128-9DE3-4E78-BCF3-0120BF19F84B}.Debug|Any CPU.ActiveCfg = Debug|Any CPU
		{282B2128-9DE3-4E78-BCF3-0120BF19F84B}.Release|Any CPU.ActiveCfg = Release|Any CPU
		{8850BB42-2F2D-4D7C-AE51-E8ACDD3C2408}.Debug|Any CPU.ActiveCfg = Debug|Any CPU
		{8850BB42-2F2D-4D7C-AE51-E8ACDD3C2408}.Debug|Any CPU.Build.0 = Debug|Any CPU
		{8850BB42-2F2D-4D7C-AE51-E8ACDD3C2408}.Release|Any CPU.ActiveCfg = Release|Any CPU
		{8850BB42-2F2D-4D7C-AE51-E8ACDD3C2408}.Release|Any CPU.Build.0 = Release|Any CPU
		{836C3A05-5D10-41EE-B653-5E53497330ED}.Debug|Any CPU.ActiveCfg = Debug|Any CPU
		{836C3A05-5D10-41EE-B653-5E53497330ED}.Debug|Any CPU.Build.0 = Debug|Any CPU
		{836C3A05-5D10-41EE-B653-5E53497330ED}.Release|Any CPU.ActiveCfg = Release|Any CPU
		{836C3A05-5D10-41EE-B653-5E53497330ED}.Release|Any CPU.Build.0 = Release|Any CPU
	EndGlobalSection
	GlobalSection(SolutionProperties) = preSolution
		HideSolutionNode = FALSE
	EndGlobalSection
	GlobalSection(ExtensibilityGlobals) = postSolution
		SolutionGuid = {7C769C5E-D83A-4950-BCD1-0F5830F2C331}
	EndGlobalSection
EndGlobal
